# THIS IS AN AUTOGENERATED FILE. DO NOT EDIT THIS FILE DIRECTLY.
# yarn lockfile v1


"@oman21/rn-datetimepicker@file:.":
  version "0.0.1"
  dependencies:
    @oman21/rn-datetimepicker "file:../../../../Library/Caches/Yarn/v6/npm-@oman21/rn-datetimepicker-0.0.1-9242b03d-0a53-416a-913e-b9c8669c6a01-1634199068918/node_modules/@oman21/rn-datetimepicker"

"@oman21/rn-datetimepicker@file:../@oman21/rn-datetimepicker/":
  version "0.0.1"
  dependencies:
    @oman21/rn-datetimepicker "file:../../../../Library/Caches/Yarn/v6/npm-@oman21/rn-datetimepicker-0.0.1-6814cc44-bea9-4c7c-a804-f341aee570e5-1634199068920/node_modules/@oman21/rn-datetimepicker"
